# THIS IS AN AUTOGENERATED FILE. DO NOT EDIT THIS FILE DIRECTLY.
# yarn lockfile v1


"@adraffy/ens-normalize@^1.8.8":
  version "1.11.0"
  resolved "https://registry.yarnpkg.com/@adraffy/ens-normalize/-/ens-normalize-1.11.0.tgz#42cc67c5baa407ac25059fcd7d405cc5ecdb0c33"

"@ethereumjs/rlp@^4.0.1":
  version "4.0.1"
  resolved "https://registry.yarnpkg.com/@ethereumjs/rlp/-/rlp-4.0.1.tgz#626fabfd9081baab3d0a3074b0c7ecaf674aaa41"

"@ethereumjs/rlp@^5.0.2":
  version "5.0.2"
  resolved "https://registry.yarnpkg.com/@ethereumjs/rlp/-/rlp-5.0.2.tgz#c89bd82f2f3bec248ab2d517ae25f5bbc4aac842"

"@noble/curves@1.4.2", "@noble/curves@~1.4.0":
  version "1.4.2"
  resolved "https://registry.yarnpkg.com/@noble/curves/-/curves-1.4.2.tgz#40309198c76ed71bc6dbf7ba24e81ceb4d0d1fe9"
  dependencies:
    "@noble/hashes" "1.4.0"

"@noble/hashes@1.4.0", "@noble/hashes@~1.4.0":
  version "1.4.0"
  resolved "https://registry.yarnpkg.com/@noble/hashes/-/hashes-1.4.0.tgz#45814aa329f30e4fe0ba49426f49dfccdd066426"

"@scure/base@~1.1.6":
  version "1.1.9"
  resolved "https://registry.yarnpkg.com/@scure/base/-/base-1.1.9.tgz#e5e142fbbfe251091f9c5f1dd4c834ac04c3dbd1"

"@scure/bip32@1.4.0":
  version "1.4.0"
  resolved "https://registry.yarnpkg.com/@scure/bip32/-/bip32-1.4.0.tgz#4e1f1e196abedcef395b33b9674a042524e20d67"
  dependencies:
    "@noble/curves" "~1.4.0"
    "@noble/hashes" "~1.4.0"
    "@scure/base" "~1.1.6"

"@scure/bip39@1.3.0":
  version "1.3.0"
  resolved "https://registry.yarnpkg.com/@scure/bip39/-/bip39-1.3.0.tgz#0f258c16823ddd00739461ac31398b4e7d6a18c3"
  dependencies:
    "@noble/hashes" "~1.4.0"
    "@scure/base" "~1.1.6"

"@types/node@*":
  version "12.20.55"
  resolved "https://registry.npmjs.org/@types/node/-/node-12.20.55.tgz"

"@types/ws@8.5.3":
  version "8.5.3"
  resolved "https://registry.yarnpkg.com/@types/ws/-/ws-8.5.3.tgz#7d25a1ffbecd3c4f2d35068d0b283c037003274d"
  dependencies:
    "@types/node" "*"

abbrev@1:
  version "1.1.1"
  resolved "https://registry.npmjs.org/abbrev/-/abbrev-1.1.1.tgz"

abitype@0.7.1:
  version "0.7.1"
  resolved "https://registry.yarnpkg.com/abitype/-/abitype-0.7.1.tgz#16db20abe67de80f6183cf75f3de1ff86453b745"

accepts@~1.3.8:
  version "1.3.8"
  resolved "https://registry.npmjs.org/accepts/-/accepts-1.3.8.tgz"
  dependencies:
    mime-types "~2.1.34"
    negotiator "0.6.3"

addressparser@1.0.1:
  version "1.0.1"
  resolved "https://registry.npmjs.org/addressparser/-/addressparser-1.0.1.tgz"

anymatch@~3.1.2:
  version "3.1.3"
  resolved "https://registry.npmjs.org/anymatch/-/anymatch-3.1.3.tgz"
  dependencies:
    normalize-path "^3.0.0"
    picomatch "^2.0.4"

array-flatten@1.1.1:
  version "1.1.1"
  resolved "https://registry.npmjs.org/array-flatten/-/array-flatten-1.1.1.tgz"

array-uniq@1.0.2:
  version "1.0.2"
  resolved "https://registry.npmjs.org/array-uniq/-/array-uniq-1.0.2.tgz"

async-limiter@~1.0.0:
  version "1.0.1"
  resolved "https://registry.npmjs.org/async-limiter/-/async-limiter-1.0.1.tgz"

available-typed-arrays@^1.0.5:
  version "1.0.5"
  resolved "https://registry.npmjs.org/available-typed-arrays/-/available-typed-arrays-1.0.5.tgz"

balanced-match@^1.0.0:
  version "1.0.2"
  resolved "https://registry.npmjs.org/balanced-match/-/balanced-match-1.0.2.tgz"

bignumber.js@^9.1.0:
  version "9.1.0"
  resolved "https://registry.npmjs.org/bignumber.js/-/bignumber.js-9.1.0.tgz"

binary-extensions@^2.0.0:
  version "2.2.0"
  resolved "https://registry.npmjs.org/binary-extensions/-/binary-extensions-2.2.0.tgz"

body-parser@^1.20.4, body-parser@~1.20.3:
  version "1.20.4"
  resolved "https://registry.yarnpkg.com/body-parser/-/body-parser-1.20.4.tgz#f8e20f4d06ca8a50a71ed329c15dccad1cdc547f"
  dependencies:
    bytes "~3.1.2"
    content-type "~1.0.5"
    debug "2.6.9"
    depd "2.0.0"
    destroy "~1.2.0"
    http-errors "~2.0.1"
    iconv-lite "~0.4.24"
    on-finished "~2.4.1"
    qs "~6.14.0"
    raw-body "~2.5.3"
    type-is "~1.6.18"
    unpipe "~1.0.0"

brace-expansion@^1.1.7:
  version "1.1.11"
  resolved "https://registry.npmjs.org/brace-expansion/-/brace-expansion-1.1.11.tgz"
  dependencies:
    balanced-match "^1.0.0"
    concat-map "0.0.1"

braces@~3.0.2:
  version "3.0.3"
  resolved "https://registry.yarnpkg.com/braces/-/braces-3.0.3.tgz#490332f40919452272d55a8480adc0c441358789"
  dependencies:
    fill-range "^7.1.1"

buildmail@3.10.0:
  version "3.10.0"
  resolved "https://registry.npmjs.org/buildmail/-/buildmail-3.10.0.tgz"
  dependencies:
    addressparser "1.0.1"
    libbase64 "0.1.0"
    libmime "2.1.0"
    libqp "1.1.0"
    nodemailer-fetch "1.6.0"
    nodemailer-shared "1.1.0"

bytes@~3.1.2:
  version "3.1.2"
  resolved "https://registry.yarnpkg.com/bytes/-/bytes-3.1.2.tgz#8b0beeb98605adf1b128fa4386403c009e0221a5"

call-bind-apply-helpers@^1.0.1, call-bind-apply-helpers@^1.0.2:
  version "1.0.2"
  resolved "https://registry.yarnpkg.com/call-bind-apply-helpers/-/call-bind-apply-helpers-1.0.2.tgz#4b5428c222be985d79c3d82657479dbe0b59b2d6"
  dependencies:
    es-errors "^1.3.0"
    function-bind "^1.1.2"

call-bind@^1.0.0, call-bind@^1.0.2:
  version "1.0.2"
  resolved "https://registry.npmjs.org/call-bind/-/call-bind-1.0.2.tgz"
  dependencies:
    function-bind "^1.1.1"
    get-intrinsic "^1.0.2"

call-bound@^1.0.2:
  version "1.0.4"
  resolved "https://registry.yarnpkg.com/call-bound/-/call-bound-1.0.4.tgz#238de935d2a2a692928c538c7ccfa91067fd062a"
  dependencies:
    call-bind-apply-helpers "^1.0.2"
    get-intrinsic "^1.3.0"

charenc@0.0.2:
  version "0.0.2"
  resolved "https://registry.npmjs.org/charenc/-/charenc-0.0.2.tgz"

chokidar@^3.5.2:
  version "3.5.3"
  resolved "https://registry.npmjs.org/chokidar/-/chokidar-3.5.3.tgz"
  dependencies:
    anymatch "~3.1.2"
    braces "~3.0.2"
    glob-parent "~5.1.2"
    is-binary-path "~2.1.0"
    is-glob "~4.0.1"
    normalize-path "~3.0.0"
    readdirp "~3.6.0"
  optionalDependencies:
    fsevents "~2.3.2"

concat-map@0.0.1:
  version "0.0.1"
  resolved "https://registry.npmjs.org/concat-map/-/concat-map-0.0.1.tgz"

content-disposition@~0.5.4:
  version "0.5.4"
  resolved "https://registry.yarnpkg.com/content-disposition/-/content-disposition-0.5.4.tgz#8b82b4efac82512a02bb0b1dcec9d2c5e8eb5bfe"
  dependencies:
    safe-buffer "5.2.1"

content-type@~1.0.4, content-type@~1.0.5:
  version "1.0.5"
  resolved "https://registry.yarnpkg.com/content-type/-/content-type-1.0.5.tgz#8b773162656d1d1086784c8f23a54ce6d73d7918"

cookie-signature@~1.0.6:
  version "1.0.7"
  resolved "https://registry.yarnpkg.com/cookie-signature/-/cookie-signature-1.0.7.tgz#ab5dd7ab757c54e60f37ef6550f481c426d10454"

cookie@~0.7.1:
  version "0.7.2"
  resolved "https://registry.yarnpkg.com/cookie/-/cookie-0.7.2.tgz#556369c472a2ba910f2979891b526b3436237ed7"

cors@^2.8.5:
  version "2.8.5"
  resolved "https://registry.npmjs.org/cors/-/cors-2.8.5.tgz"
  dependencies:
    object-assign "^4"
    vary "^1"

crc-32@^1.2.2:
  version "1.2.2"
  resolved "https://registry.yarnpkg.com/crc-32/-/crc-32-1.2.2.tgz#3cad35a934b8bf71f25ca524b6da51fb7eace2ff"

cross-fetch@^4.0.0:
  version "4.0.0"
  resolved "https://registry.yarnpkg.com/cross-fetch/-/cross-fetch-4.0.0.tgz#f037aef1580bb3a1a35164ea2a848ba81b445983"
  dependencies:
    node-fetch "^2.6.12"

crypt@0.0.2:
  version "0.0.2"
  resolved "https://registry.npmjs.org/crypt/-/crypt-0.0.2.tgz"

debug@2.6.9:
  version "2.6.9"
  resolved "https://registry.npmjs.org/debug/-/debug-2.6.9.tgz"
  dependencies:
    ms "2.0.0"

debug@^4:
  version "4.3.7"
  resolved "https://registry.yarnpkg.com/debug/-/debug-4.3.7.tgz#87945b4151a011d76d95a198d7111c865c360a52"
  dependencies:
    ms "^2.1.3"

define-properties@^1.1.3, define-properties@^1.1.4:
  version "1.1.4"
  resolved "https://registry.npmjs.org/define-properties/-/define-properties-1.1.4.tgz"
  dependencies:
    has-property-descriptors "^1.0.0"
    object-keys "^1.1.1"

denque@^2.1.0:
  version "2.1.0"
  resolved "https://registry.yarnpkg.com/denque/-/denque-2.1.0.tgz#e93e1a6569fb5e66f16a3c2a2964617d349d6ab1"

depd@2.0.0, depd@~2.0.0:
  version "2.0.0"
  resolved "https://registry.npmjs.org/depd/-/depd-2.0.0.tgz"

destroy@1.2.0, destroy@~1.2.0:
  version "1.2.0"
  resolved "https://registry.npmjs.org/destroy/-/destroy-1.2.0.tgz"

dkim-signer@0.2.2:
  version "0.2.2"
  resolved "https://registry.npmjs.org/dkim-signer/-/dkim-signer-0.2.2.tgz"
  dependencies:
    libmime "^2.0.3"

dunder-proto@^1.0.1:
  version "1.0.1"
  resolved "https://registry.yarnpkg.com/dunder-proto/-/dunder-proto-1.0.1.tgz#d7ae667e1dc83482f8b70fd0f6eefc50da30f58a"
  dependencies:
    call-bind-apply-helpers "^1.0.1"
    es-errors "^1.3.0"
    gopd "^1.2.0"

ee-first@1.1.1:
  version "1.1.1"
  resolved "https://registry.npmjs.org/ee-first/-/ee-first-1.1.1.tgz"

encodeurl@~2.0.0:
  version "2.0.0"
  resolved "https://registry.yarnpkg.com/encodeurl/-/encodeurl-2.0.0.tgz#7b8ea898077d7e409d3ac45474ea38eaf0857a58"

es-abstract@^1.19.0, es-abstract@^1.19.5, es-abstract@^1.20.0:
  version "1.20.4"
  resolved "https://registry.npmjs.org/es-abstract/-/es-abstract-1.20.4.tgz"
  dependencies:
    call-bind "^1.0.2"
    es-to-primitive "^1.2.1"
    function-bind "^1.1.1"
    function.prototype.name "^1.1.5"
    get-intrinsic "^1.1.3"
    get-symbol-description "^1.0.0"
    has "^1.0.3"
    has-property-descriptors "^1.0.0"
    has-symbols "^1.0.3"
    internal-slot "^1.0.3"
    is-callable "^1.2.7"
    is-negative-zero "^2.0.2"
    is-regex "^1.1.4"
    is-shared-array-buffer "^1.0.2"
    is-string "^1.0.7"
    is-weakref "^1.0.2"
    object-inspect "^1.12.2"
    object-keys "^1.1.1"
    object.assign "^4.1.4"
    regexp.prototype.flags "^1.4.3"
    safe-regex-test "^1.0.0"
    string.prototype.trimend "^1.0.5"
    string.prototype.trimstart "^1.0.5"
    unbox-primitive "^1.0.2"

es-define-property@^1.0.1:
  version "1.0.1"
  resolved "https://registry.yarnpkg.com/es-define-property/-/es-define-property-1.0.1.tgz#983eb2f9a6724e9303f61addf011c72e09e0b0fa"

es-errors@^1.3.0:
  version "1.3.0"
  resolved "https://registry.yarnpkg.com/es-errors/-/es-errors-1.3.0.tgz#05f75a25dab98e4fb1dcd5e1472c0546d5057c8f"

es-object-atoms@^1.0.0, es-object-atoms@^1.1.1:
  version "1.1.1"
  resolved "https://registry.yarnpkg.com/es-object-atoms/-/es-object-atoms-1.1.1.tgz#1c4f2c4837327597ce69d2ca190a7fdd172338c1"
  dependencies:
    es-errors "^1.3.0"

es-to-primitive@^1.2.1:
  version "1.2.1"
  resolved "https://registry.npmjs.org/es-to-primitive/-/es-to-primitive-1.2.1.tgz"
  dependencies:
    is-callable "^1.1.4"
    is-date-object "^1.0.1"
    is-symbol "^1.0.2"

escape-html@~1.0.3:
  version "1.0.3"
  resolved "https://registry.npmjs.org/escape-html/-/escape-html-1.0.3.tgz"

etag@~1.8.1:
  version "1.8.1"
  resolved "https://registry.npmjs.org/etag/-/etag-1.8.1.tgz"

ethereum-cryptography@^2.0.0:
  version "2.2.1"
  resolved "https://registry.yarnpkg.com/ethereum-cryptography/-/ethereum-cryptography-2.2.1.tgz#58f2810f8e020aecb97de8c8c76147600b0b8ccf"
  dependencies:
    "@noble/curves" "1.4.2"
    "@noble/hashes" "1.4.0"
    "@scure/bip32" "1.4.0"
    "@scure/bip39" "1.3.0"

eventemitter3@^5.0.1:
  version "5.0.1"
  resolved "https://registry.yarnpkg.com/eventemitter3/-/eventemitter3-5.0.1.tgz#53f5ffd0a492ac800721bb42c66b841de96423c4"

express@^4.22.1:
  version "4.22.1"
  resolved "https://registry.yarnpkg.com/express/-/express-4.22.1.tgz#1de23a09745a4fffdb39247b344bb5eaff382069"
  dependencies:
    accepts "~1.3.8"
    array-flatten "1.1.1"
    body-parser "~1.20.3"
    content-disposition "~0.5.4"
    content-type "~1.0.4"
    cookie "~0.7.1"
    cookie-signature "~1.0.6"
    debug "2.6.9"
    depd "2.0.0"
    encodeurl "~2.0.0"
    escape-html "~1.0.3"
    etag "~1.8.1"
    finalhandler "~1.3.1"
    fresh "~0.5.2"
    http-errors "~2.0.0"
    merge-descriptors "1.0.3"
    methods "~1.1.2"
    on-finished "~2.4.1"
    parseurl "~1.3.3"
    path-to-regexp "~0.1.12"
    proxy-addr "~2.0.7"
    qs "~6.14.0"
    range-parser "~1.2.1"
    safe-buffer "5.2.1"
    send "~0.19.0"
    serve-static "~1.16.2"
    setprototypeof "1.2.0"
    statuses "~2.0.1"
    type-is "~1.6.18"
    utils-merge "1.0.1"
    vary "~1.1.2"

fill-range@^7.1.1:
  version "7.1.1"
  resolved "https://registry.yarnpkg.com/fill-range/-/fill-range-7.1.1.tgz#44265d3cac07e3ea7dc247516380643754a05292"
  dependencies:
    to-regex-range "^5.0.1"

finalhandler@~1.3.1:
  version "1.3.2"
  resolved "https://registry.yarnpkg.com/finalhandler/-/finalhandler-1.3.2.tgz#1ebc2228fc7673aac4a472c310cc05b77d852b88"
  dependencies:
    debug "2.6.9"
    encodeurl "~2.0.0"
    escape-html "~1.0.3"
    on-finished "~2.4.1"
    parseurl "~1.3.3"
    statuses "~2.0.2"
    unpipe "~1.0.0"

for-each@^0.3.3:
  version "0.3.3"
  resolved "https://registry.npmjs.org/for-each/-/for-each-0.3.3.tgz"
  dependencies:
    is-callable "^1.1.3"

forwarded@0.2.0:
  version "0.2.0"
  resolved "https://registry.npmjs.org/forwarded/-/forwarded-0.2.0.tgz"

fresh@~0.5.2:
  version "0.5.2"
  resolved "https://registry.yarnpkg.com/fresh/-/fresh-0.5.2.tgz#3d8cadd90d976569fa835ab1f8e4b23a105605a7"

fsevents@~2.3.2:
  version "2.3.3"
  resolved "https://registry.yarnpkg.com/fsevents/-/fsevents-2.3.3.tgz#cac6407785d03675a2a5e1a5305c697b347d90d6"

function-bind@^1.1.1:
  version "1.1.1"
  resolved "https://registry.npmjs.org/function-bind/-/function-bind-1.1.1.tgz"

function-bind@^1.1.2:
  version "1.1.2"
  resolved "https://registry.yarnpkg.com/function-bind/-/function-bind-1.1.2.tgz#2c02d864d97f3ea6c8830c464cbd11ab6eab7a1c"

function.prototype.name@^1.1.5:
  version "1.1.5"
  resolved "https://registry.npmjs.org/function.prototype.name/-/function.prototype.name-1.1.5.tgz"
  dependencies:
    call-bind "^1.0.2"
    define-properties "^1.1.3"
    es-abstract "^1.19.0"
    functions-have-names "^1.2.2"

functions-have-names@^1.2.2:
  version "1.2.3"
  resolved "https://registry.npmjs.org/functions-have-names/-/functions-have-names-1.2.3.tgz"

generate-function@^2.3.1:
  version "2.3.1"
  resolved "https://registry.npmjs.org/generate-function/-/generate-function-2.3.1.tgz"
  dependencies:
    is-property "^1.0.2"

get-intrinsic@^1.0.2, get-intrinsic@^1.1.0, get-intrinsic@^1.1.1, get-intrinsic@^1.1.3:
  version "1.1.3"
  resolved "https://registry.npmjs.org/get-intrinsic/-/get-intrinsic-1.1.3.tgz"
  dependencies:
    function-bind "^1.1.1"
    has "^1.0.3"
    has-symbols "^1.0.3"

get-intrinsic@^1.2.5, get-intrinsic@^1.3.0:
  version "1.3.0"
  resolved "https://registry.yarnpkg.com/get-intrinsic/-/get-intrinsic-1.3.0.tgz#743f0e3b6964a93a5491ed1bffaae054d7f98d01"
  dependencies:
    call-bind-apply-helpers "^1.0.2"
    es-define-property "^1.0.1"
    es-errors "^1.3.0"
    es-object-atoms "^1.1.1"
    function-bind "^1.1.2"
    get-proto "^1.0.1"
    gopd "^1.2.0"
    has-symbols "^1.1.0"
    hasown "^2.0.2"
    math-intrinsics "^1.1.0"

get-proto@^1.0.1:
  version "1.0.1"
  resolved "https://registry.yarnpkg.com/get-proto/-/get-proto-1.0.1.tgz#150b3f2743869ef3e851ec0c49d15b1d14d00ee1"
  dependencies:
    dunder-proto "^1.0.1"
    es-object-atoms "^1.0.0"

get-symbol-description@^1.0.0:
  version "1.0.0"
  resolved "https://registry.npmjs.org/get-symbol-description/-/get-symbol-description-1.0.0.tgz"
  dependencies:
    call-bind "^1.0.2"
    get-intrinsic "^1.1.1"

glob-parent@~5.1.2:
  version "5.1.2"
  resolved "https://registry.npmjs.org/glob-parent/-/glob-parent-5.1.2.tgz"
  dependencies:
    is-glob "^4.0.1"

gopd@^1.2.0:
  version "1.2.0"
  resolved "https://registry.yarnpkg.com/gopd/-/gopd-1.2.0.tgz#89f56b8217bdbc8802bd299df6d7f1081d7e51a1"

has-bigints@^1.0.1, has-bigints@^1.0.2:
  version "1.0.2"
  resolved "https://registry.npmjs.org/has-bigints/-/has-bigints-1.0.2.tgz"

has-flag@^3.0.0:
  version "3.0.0"
  resolved "https://registry.npmjs.org/has-flag/-/has-flag-3.0.0.tgz"

has-property-descriptors@^1.0.0:
  version "1.0.0"
  resolved "https://registry.npmjs.org/has-property-descriptors/-/has-property-descriptors-1.0.0.tgz"
  dependencies:
    get-intrinsic "^1.1.1"

has-symbols@^1.0.2, has-symbols@^1.0.3:
  version "1.0.3"
  resolved "https://registry.npmjs.org/has-symbols/-/has-symbols-1.0.3.tgz"

has-symbols@^1.1.0:
  version "1.1.0"
  resolved "https://registry.yarnpkg.com/has-symbols/-/has-symbols-1.1.0.tgz#fc9c6a783a084951d0b971fe1018de813707a338"

has-tostringtag@^1.0.0:
  version "1.0.0"
  resolved "https://registry.npmjs.org/has-tostringtag/-/has-tostringtag-1.0.0.tgz"
  dependencies:
    has-symbols "^1.0.2"

has@^1.0.3:
  version "1.0.3"
  resolved "https://registry.npmjs.org/has/-/has-1.0.3.tgz"
  dependencies:
    function-bind "^1.1.1"

hasown@^2.0.2:
  version "2.0.2"
  resolved "https://registry.yarnpkg.com/hasown/-/hasown-2.0.2.tgz#003eaf91be7adc372e84ec59dc37252cedb80003"
  dependencies:
    function-bind "^1.1.2"

http-errors@~2.0.0, http-errors@~2.0.1:
  version "2.0.1"
  resolved "https://registry.yarnpkg.com/http-errors/-/http-errors-2.0.1.tgz#36d2f65bc909c8790018dd36fb4d93da6caae06b"
  dependencies:
    depd "~2.0.0"
    inherits "~2.0.4"
    setprototypeof "~1.2.0"
    statuses "~2.0.2"
    toidentifier "~1.0.1"

http@^0.0.1-security:
  version "0.0.1-security"
  resolved "https://registry.npmjs.org/http/-/http-0.0.1-security.tgz"

iconv-lite@0.4.13:
  version "0.4.13"
  resolved "https://registry.npmjs.org/iconv-lite/-/iconv-lite-0.4.13.tgz"

iconv-lite@0.4.15:
  version "0.4.15"
  resolved "https://registry.npmjs.org/iconv-lite/-/iconv-lite-0.4.15.tgz"

iconv-lite@^0.6.3:
  version "0.6.3"
  resolved "https://registry.npmjs.org/iconv-lite/-/iconv-lite-0.6.3.tgz"
  dependencies:
    safer-buffer ">= 2.1.2 < 3.0.0"

iconv-lite@~0.4.24:
  version "0.4.24"
  resolved "https://registry.yarnpkg.com/iconv-lite/-/iconv-lite-0.4.24.tgz#2022b4b25fbddc21d2f524974a474aafe733908b"
  dependencies:
    safer-buffer ">= 2.1.2 < 3"

ignore-by-default@^1.0.1:
  version "1.0.1"
  resolved "https://registry.npmjs.org/ignore-by-default/-/ignore-by-default-1.0.1.tgz"

inherits@^2.0.3, inherits@~2.0.4:
  version "2.0.4"
  resolved "https://registry.yarnpkg.com/inherits/-/inherits-2.0.4.tgz#0fa2c64f932917c3433a0ded55363aae37416b7c"

internal-slot@^1.0.3:
  version "1.0.3"
  resolved "https://registry.npmjs.org/internal-slot/-/internal-slot-1.0.3.tgz"
  dependencies:
    get-intrinsic "^1.1.0"
    has "^1.0.3"
    side-channel "^1.0.4"

ipaddr.js@1.9.1:
  version "1.9.1"
  resolved "https://registry.npmjs.org/ipaddr.js/-/ipaddr.js-1.9.1.tgz"

is-arguments@^1.0.4:
  version "1.1.1"
  resolved "https://registry.npmjs.org/is-arguments/-/is-arguments-1.1.1.tgz"
  dependencies:
    call-bind "^1.0.2"
    has-tostringtag "^1.0.0"

is-bigint@^1.0.1:
  version "1.0.4"
  resolved "https://registry.npmjs.org/is-bigint/-/is-bigint-1.0.4.tgz"
  dependencies:
    has-bigints "^1.0.1"

is-binary-path@~2.1.0:
  version "2.1.0"
  resolved "https://registry.npmjs.org/is-binary-path/-/is-binary-path-2.1.0.tgz"
  dependencies:
    binary-extensions "^2.0.0"

is-boolean-object@^1.1.0:
  version "1.1.2"
  resolved "https://registry.npmjs.org/is-boolean-object/-/is-boolean-object-1.1.2.tgz"
  dependencies:
    call-bind "^1.0.2"
    has-tostringtag "^1.0.0"

is-buffer@~1.1.6:
  version "1.1.6"
  resolved "https://registry.npmjs.org/is-buffer/-/is-buffer-1.1.6.tgz"

is-callable@^1.1.3, is-callable@^1.1.4, is-callable@^1.2.7:
  version "1.2.7"
  resolved "https://registry.npmjs.org/is-callable/-/is-callable-1.2.7.tgz"

is-date-object@^1.0.1:
  version "1.0.5"
  resolved "https://registry.npmjs.org/is-date-object/-/is-date-object-1.0.5.tgz"
  dependencies:
    has-tostringtag "^1.0.0"

is-extglob@^2.1.1:
  version "2.1.1"
  resolved "https://registry.npmjs.org/is-extglob/-/is-extglob-2.1.1.tgz"

is-generator-function@^1.0.7:
  version "1.0.10"
  resolved "https://registry.npmjs.org/is-generator-function/-/is-generator-function-1.0.10.tgz"
  dependencies:
    has-tostringtag "^1.0.0"

is-glob@^4.0.1, is-glob@~4.0.1:
  version "4.0.3"
  resolved "https://registry.npmjs.org/is-glob/-/is-glob-4.0.3.tgz"
  dependencies:
    is-extglob "^2.1.1"

is-negative-zero@^2.0.2:
  version "2.0.2"
  resolved "https://registry.npmjs.org/is-negative-zero/-/is-negative-zero-2.0.2.tgz"

is-number-object@^1.0.4:
  version "1.0.7"
  resolved "https://registry.npmjs.org/is-number-object/-/is-number-object-1.0.7.tgz"
  dependencies:
    has-tostringtag "^1.0.0"

is-number@^7.0.0:
  version "7.0.0"
  resolved "https://registry.npmjs.org/is-number/-/is-number-7.0.0.tgz"

is-property@^1.0.2:
  version "1.0.2"
  resolved "https://registry.npmjs.org/is-property/-/is-property-1.0.2.tgz"

is-regex@^1.1.4:
  version "1.1.4"
  resolved "https://registry.npmjs.org/is-regex/-/is-regex-1.1.4.tgz"
  dependencies:
    call-bind "^1.0.2"
    has-tostringtag "^1.0.0"

is-shared-array-buffer@^1.0.2:
  version "1.0.2"
  resolved "https://registry.npmjs.org/is-shared-array-buffer/-/is-shared-array-buffer-1.0.2.tgz"
  dependencies:
    call-bind "^1.0.2"

is-string@^1.0.5, is-string@^1.0.7:
  version "1.0.7"
  resolved "https://registry.npmjs.org/is-string/-/is-string-1.0.7.tgz"
  dependencies:
    has-tostringtag "^1.0.0"

is-symbol@^1.0.2, is-symbol@^1.0.3:
  version "1.0.4"
  resolved "https://registry.npmjs.org/is-symbol/-/is-symbol-1.0.4.tgz"
  dependencies:
    has-symbols "^1.0.2"

is-typed-array@^1.1.3, is-typed-array@^1.1.9:
  version "1.1.9"
  resolved "https://registry.npmjs.org/is-typed-array/-/is-typed-array-1.1.9.tgz"
  dependencies:
    available-typed-arrays "^1.0.5"
    call-bind "^1.0.2"
    es-abstract "^1.20.0"
    for-each "^0.3.3"
    has-tostringtag "^1.0.0"

is-weakref@^1.0.2:
  version "1.0.2"
  resolved "https://registry.npmjs.org/is-weakref/-/is-weakref-1.0.2.tgz"
  dependencies:
    call-bind "^1.0.2"

isomorphic-ws@^5.0.0:
  version "5.0.0"
  resolved "https://registry.yarnpkg.com/isomorphic-ws/-/isomorphic-ws-5.0.0.tgz#e5529148912ecb9b451b46ed44d53dae1ce04bbf"

libbase64@0.1.0:
  version "0.1.0"
  resolved "https://registry.npmjs.org/libbase64/-/libbase64-0.1.0.tgz"

libmime@2.1.0:
  version "2.1.0"
  resolved "https://registry.npmjs.org/libmime/-/libmime-2.1.0.tgz"
  dependencies:
    iconv-lite "0.4.13"
    libbase64 "0.1.0"
    libqp "1.1.0"

libmime@^2.0.3:
  version "2.1.3"
  resolved "https://registry.npmjs.org/libmime/-/libmime-2.1.3.tgz"
  dependencies:
    iconv-lite "0.4.15"
    libbase64 "0.1.0"
    libqp "1.1.0"

libqp@1.1.0:
  version "1.1.0"
  resolved "https://registry.npmjs.org/libqp/-/libqp-1.1.0.tgz"

long@^5.2.1:
  version "5.2.3"
  resolved "https://registry.yarnpkg.com/long/-/long-5.2.3.tgz#a3ba97f3877cf1d778eccbcb048525ebb77499e1"

lru-cache@^7.14.1:
  version "7.18.3"
  resolved "https://registry.yarnpkg.com/lru-cache/-/lru-cache-7.18.3.tgz#f793896e0fd0e954a59dfdd82f0773808df6aa89"

lru-cache@^8.0.0:
  version "8.0.5"
  resolved "https://registry.yarnpkg.com/lru-cache/-/lru-cache-8.0.5.tgz#983fe337f3e176667f8e567cfcce7cb064ea214e"

mailcomposer@3.12.0:
  version "3.12.0"
  resolved "https://registry.npmjs.org/mailcomposer/-/mailcomposer-3.12.0.tgz"
  dependencies:
    buildmail "3.10.0"
    libmime "2.1.0"

math-intrinsics@^1.1.0:
  version "1.1.0"
  resolved "https://registry.yarnpkg.com/math-intrinsics/-/math-intrinsics-1.1.0.tgz#a0dd74be81e2aa5c2f27e65ce283605ee4e2b7f9"

md5@^2.3.0:
  version "2.3.0"
  resolved "https://registry.npmjs.org/md5/-/md5-2.3.0.tgz"
  dependencies:
    charenc "0.0.2"
    crypt "0.0.2"
    is-buffer "~1.1.6"

media-typer@0.3.0:
  version "0.3.0"
  resolved "https://registry.npmjs.org/media-typer/-/media-typer-0.3.0.tgz"

merge-descriptors@1.0.3:
  version "1.0.3"
  resolved "https://registry.yarnpkg.com/merge-descriptors/-/merge-descriptors-1.0.3.tgz#d80319a65f3c7935351e5cfdac8f9318504dbed5"

methods@~1.1.2:
  version "1.1.2"
  resolved "https://registry.npmjs.org/methods/-/methods-1.1.2.tgz"

mime-db@1.52.0:
  version "1.52.0"
  resolved "https://registry.npmjs.org/mime-db/-/mime-db-1.52.0.tgz"

mime-types@~2.1.24, mime-types@~2.1.34:
  version "2.1.35"
  resolved "https://registry.npmjs.org/mime-types/-/mime-types-2.1.35.tgz"
  dependencies:
    mime-db "1.52.0"

mime@1.6.0:
  version "1.6.0"
  resolved "https://registry.npmjs.org/mime/-/mime-1.6.0.tgz"

minimatch@^3.1.2:
  version "3.1.2"
  resolved "https://registry.npmjs.org/minimatch/-/minimatch-3.1.2.tgz"
  dependencies:
    brace-expansion "^1.1.7"

ms@2.0.0:
  version "2.0.0"
  resolved "https://registry.npmjs.org/ms/-/ms-2.0.0.tgz"

ms@2.1.3, ms@^2.1.3:
  version "2.1.3"
  resolved "https://registry.npmjs.org/ms/-/ms-2.1.3.tgz"

mysql2@^3.9.8:
  version "3.9.8"
  resolved "https://registry.yarnpkg.com/mysql2/-/mysql2-3.9.8.tgz#fe8a0f975f2c495ed76ca988ddc5505801dc49ce"
  dependencies:
    denque "^2.1.0"
    generate-function "^2.3.1"
    iconv-lite "^0.6.3"
    long "^5.2.1"
    lru-cache "^8.0.0"
    named-placeholders "^1.1.3"
    seq-queue "^0.0.5"
    sqlstring "^2.3.2"

named-placeholders@^1.1.3:
  version "1.1.3"
  resolved "https://registry.yarnpkg.com/named-placeholders/-/named-placeholders-1.1.3.tgz#df595799a36654da55dda6152ba7a137ad1d9351"
  dependencies:
    lru-cache "^7.14.1"

negotiator@0.6.3:
  version "0.6.3"
  resolved "https://registry.npmjs.org/negotiator/-/negotiator-0.6.3.tgz"

node-fetch@^2.6.12:
  version "2.7.0"
  resolved "https://registry.yarnpkg.com/node-fetch/-/node-fetch-2.7.0.tgz#d0f0fa6e3e2dc1d27efcd8ad99d550bda94d187d"
  dependencies:
    whatwg-url "^5.0.0"

nodemailer-fetch@1.6.0:
  version "1.6.0"
  resolved "https://registry.npmjs.org/nodemailer-fetch/-/nodemailer-fetch-1.6.0.tgz"

nodemailer-shared@1.1.0:
  version "1.1.0"
  resolved "https://registry.npmjs.org/nodemailer-shared/-/nodemailer-shared-1.1.0.tgz"
  dependencies:
    nodemailer-fetch "1.6.0"

nodemon@^3.1.7:
  version "3.1.7"
  resolved "https://registry.yarnpkg.com/nodemon/-/nodemon-3.1.7.tgz#07cb1f455f8bece6a499e0d72b5e029485521a54"
  dependencies:
    chokidar "^3.5.2"
    debug "^4"
    ignore-by-default "^1.0.1"
    minimatch "^3.1.2"
    pstree.remy "^1.1.8"
    semver "^7.5.3"
    simple-update-notifier "^2.0.0"
    supports-color "^5.5.0"
    touch "^3.1.0"
    undefsafe "^2.0.5"

nopt@~1.0.10:
  version "1.0.10"
  resolved "https://registry.npmjs.org/nopt/-/nopt-1.0.10.tgz"
  dependencies:
    abbrev "1"

normalize-path@^3.0.0, normalize-path@~3.0.0:
  version "3.0.0"
  resolved "https://registry.npmjs.org/normalize-path/-/normalize-path-3.0.0.tgz"

object-assign@^4:
  version "4.1.1"
  resolved "https://registry.npmjs.org/object-assign/-/object-assign-4.1.1.tgz"

object-inspect@^1.12.2, object-inspect@^1.9.0:
  version "1.12.2"
  resolved "https://registry.npmjs.org/object-inspect/-/object-inspect-1.12.2.tgz"

object-inspect@^1.13.3:
  version "1.13.4"
  resolved "https://registry.yarnpkg.com/object-inspect/-/object-inspect-1.13.4.tgz#8375265e21bc20d0fa582c22e1b13485d6e00213"

object-keys@^1.1.1:
  version "1.1.1"
  resolved "https://registry.npmjs.org/object-keys/-/object-keys-1.1.1.tgz"

object.assign@^4.1.4:
  version "4.1.4"
  resolved "https://registry.npmjs.org/object.assign/-/object.assign-4.1.4.tgz"
  dependencies:
    call-bind "^1.0.2"
    define-properties "^1.1.4"
    has-symbols "^1.0.3"
    object-keys "^1.1.1"

on-finished@~2.4.1:
  version "2.4.1"
  resolved "https://registry.yarnpkg.com/on-finished/-/on-finished-2.4.1.tgz#58c8c44116e54845ad57f14ab10b03533184ac3f"
  dependencies:
    ee-first "1.1.1"

parseurl@~1.3.3:
  version "1.3.3"
  resolved "https://registry.npmjs.org/parseurl/-/parseurl-1.3.3.tgz"

path-to-regexp@~0.1.12:
  version "0.1.12"
  resolved "https://registry.yarnpkg.com/path-to-regexp/-/path-to-regexp-0.1.12.tgz#d5e1a12e478a976d432ef3c58d534b9923164bb7"

picomatch@^2.0.4, picomatch@^2.2.1:
  version "2.3.1"
  resolved "https://registry.npmjs.org/picomatch/-/picomatch-2.3.1.tgz"

proxy-addr@~2.0.7:
  version "2.0.7"
  resolved "https://registry.npmjs.org/proxy-addr/-/proxy-addr-2.0.7.tgz"
  dependencies:
    forwarded "0.2.0"
    ipaddr.js "1.9.1"

pstree.remy@^1.1.8:
  version "1.1.8"
  resolved "https://registry.npmjs.org/pstree.remy/-/pstree.remy-1.1.8.tgz"

qs@~6.14.0:
  version "6.14.2"
  resolved "https://registry.yarnpkg.com/qs/-/qs-6.14.2.tgz#b5634cf9d9ad9898e31fba3504e866e8efb6798c"
  dependencies:
    side-channel "^1.1.0"

randombytes@2.0.3:
  version "2.0.3"
  resolved "https://registry.npmjs.org/randombytes/-/randombytes-2.0.3.tgz"

randomstring@^1.2.3:
  version "1.2.3"
  resolved "https://registry.npmjs.org/randomstring/-/randomstring-1.2.3.tgz"
  dependencies:
    array-uniq "1.0.2"
    randombytes "2.0.3"

range-parser@~1.2.1:
  version "1.2.1"
  resolved "https://registry.npmjs.org/range-parser/-/range-parser-1.2.1.tgz"

raw-body@~2.5.3:
  version "2.5.3"
  resolved "https://registry.yarnpkg.com/raw-body/-/raw-body-2.5.3.tgz#11c6650ee770a7de1b494f197927de0c923822e2"
  dependencies:
    bytes "~3.1.2"
    http-errors "~2.0.1"
    iconv-lite "~0.4.24"
    unpipe "~1.0.0"

readdirp@~3.6.0:
  version "3.6.0"
  resolved "https://registry.npmjs.org/readdirp/-/readdirp-3.6.0.tgz"
  dependencies:
    picomatch "^2.2.1"

regexp.prototype.flags@^1.4.3:
  version "1.4.3"
  resolved "https://registry.npmjs.org/regexp.prototype.flags/-/regexp.prototype.flags-1.4.3.tgz"
  dependencies:
    call-bind "^1.0.2"
    define-properties "^1.1.3"
    functions-have-names "^1.2.2"

safe-buffer@5.2.1:
  version "5.2.1"
  resolved "https://registry.npmjs.org/safe-buffer/-/safe-buffer-5.2.1.tgz"

safe-regex-test@^1.0.0:
  version "1.0.0"
  resolved "https://registry.npmjs.org/safe-regex-test/-/safe-regex-test-1.0.0.tgz"
  dependencies:
    call-bind "^1.0.2"
    get-intrinsic "^1.1.3"
    is-regex "^1.1.4"

"safer-buffer@>= 2.1.2 < 3", "safer-buffer@>= 2.1.2 < 3.0.0":
  version "2.1.2"
  resolved "https://registry.npmjs.org/safer-buffer/-/safer-buffer-2.1.2.tgz"

semver@^7.5.3:
  version "7.6.3"
  resolved "https://registry.yarnpkg.com/semver/-/semver-7.6.3.tgz#980f7b5550bc175fb4dc09403085627f9eb33143"

send@~0.19.0, send@~0.19.1:
  version "0.19.2"
  resolved "https://registry.yarnpkg.com/send/-/send-0.19.2.tgz#59bc0da1b4ea7ad42736fd642b1c4294e114ff29"
  dependencies:
    debug "2.6.9"
    depd "2.0.0"
    destroy "1.2.0"
    encodeurl "~2.0.0"
    escape-html "~1.0.3"
    etag "~1.8.1"
    fresh "~0.5.2"
    http-errors "~2.0.1"
    mime "1.6.0"
    ms "2.1.3"
    on-finished "~2.4.1"
    range-parser "~1.2.1"
    statuses "~2.0.2"

sendmail@^1.6.1:
  version "1.6.1"
  resolved "https://registry.npmjs.org/sendmail/-/sendmail-1.6.1.tgz"
  dependencies:
    dkim-signer "0.2.2"
    mailcomposer "3.12.0"

seq-queue@^0.0.5:
  version "0.0.5"
  resolved "https://registry.npmjs.org/seq-queue/-/seq-queue-0.0.5.tgz"

serve-static@~1.16.2:
  version "1.16.3"
  resolved "https://registry.yarnpkg.com/serve-static/-/serve-static-1.16.3.tgz#a97b74d955778583f3862a4f0b841eb4d5d78cf9"
  dependencies:
    encodeurl "~2.0.0"
    escape-html "~1.0.3"
    parseurl "~1.3.3"
    send "~0.19.1"

setimmediate@^1.0.5:
  version "1.0.5"
  resolved "https://registry.npmjs.org/setimmediate/-/setimmediate-1.0.5.tgz"

setprototypeof@1.2.0, setprototypeof@~1.2.0:
  version "1.2.0"
  resolved "https://registry.npmjs.org/setprototypeof/-/setprototypeof-1.2.0.tgz"

side-channel-list@^1.0.0:
  version "1.0.0"
  resolved "https://registry.yarnpkg.com/side-channel-list/-/side-channel-list-1.0.0.tgz#10cb5984263115d3b7a0e336591e290a830af8ad"
  dependencies:
    es-errors "^1.3.0"
    object-inspect "^1.13.3"

side-channel-map@^1.0.1:
  version "1.0.1"
  resolved "https://registry.yarnpkg.com/side-channel-map/-/side-channel-map-1.0.1.tgz#d6bb6b37902c6fef5174e5f533fab4c732a26f42"
  dependencies:
    call-bound "^1.0.2"
    es-errors "^1.3.0"
    get-intrinsic "^1.2.5"
    object-inspect "^1.13.3"

side-channel-weakmap@^1.0.2:
  version "1.0.2"
  resolved "https://registry.yarnpkg.com/side-channel-weakmap/-/side-channel-weakmap-1.0.2.tgz#11dda19d5368e40ce9ec2bdc1fb0ecbc0790ecea"
  dependencies:
    call-bound "^1.0.2"
    es-errors "^1.3.0"
    get-intrinsic "^1.2.5"
    object-inspect "^1.13.3"
    side-channel-map "^1.0.1"

side-channel@^1.0.4:
  version "1.0.4"
  resolved "https://registry.npmjs.org/side-channel/-/side-channel-1.0.4.tgz"
  dependencies:
    call-bind "^1.0.0"
    get-intrinsic "^1.0.2"
    object-inspect "^1.9.0"

side-channel@^1.1.0:
  version "1.1.0"
  resolved "https://registry.yarnpkg.com/side-channel/-/side-channel-1.1.0.tgz#c3fcff9c4da932784873335ec9765fa94ff66bc9"
  dependencies:
    es-errors "^1.3.0"
    object-inspect "^1.13.3"
    side-channel-list "^1.0.0"
    side-channel-map "^1.0.1"
    side-channel-weakmap "^1.0.2"

simple-update-notifier@^2.0.0:
  version "2.0.0"
  resolved "https://registry.yarnpkg.com/simple-update-notifier/-/simple-update-notifier-2.0.0.tgz#d70b92bdab7d6d90dfd73931195a30b6e3d7cebb"
  dependencies:
    semver "^7.5.3"

sqlstring@^2.3.2:
  version "2.3.3"
  resolved "https://registry.npmjs.org/sqlstring/-/sqlstring-2.3.3.tgz"

statuses@~2.0.1, statuses@~2.0.2:
  version "2.0.2"
  resolved "https://registry.yarnpkg.com/statuses/-/statuses-2.0.2.tgz#8f75eecef765b5e1cfcdc080da59409ed424e382"

string.prototype.trimend@^1.0.5:
  version "1.0.5"
  resolved "https://registry.npmjs.org/string.prototype.trimend/-/string.prototype.trimend-1.0.5.tgz"
  dependencies:
    call-bind "^1.0.2"
    define-properties "^1.1.4"
    es-abstract "^1.19.5"

string.prototype.trimstart@^1.0.5:
  version "1.0.5"
  resolved "https://registry.npmjs.org/string.prototype.trimstart/-/string.prototype.trimstart-1.0.5.tgz"
  dependencies:
    call-bind "^1.0.2"
    define-properties "^1.1.4"
    es-abstract "^1.19.5"

supports-color@^5.5.0:
  version "5.5.0"
  resolved "https://registry.npmjs.org/supports-color/-/supports-color-5.5.0.tgz"
  dependencies:
    has-flag "^3.0.0"

to-regex-range@^5.0.1:
  version "5.0.1"
  resolved "https://registry.npmjs.org/to-regex-range/-/to-regex-range-5.0.1.tgz"
  dependencies:
    is-number "^7.0.0"

toidentifier@~1.0.1:
  version "1.0.1"
  resolved "https://registry.yarnpkg.com/toidentifier/-/toidentifier-1.0.1.tgz#3be34321a88a820ed1bd80dfaa33e479fbb8dd35"

touch@^3.1.0:
  version "3.1.0"
  resolved "https://registry.npmjs.org/touch/-/touch-3.1.0.tgz"
  dependencies:
    nopt "~1.0.10"

tr46@~0.0.3:
  version "0.0.3"
  resolved "https://registry.npmjs.org/tr46/-/tr46-0.0.3.tgz"

type-is@~1.6.18:
  version "1.6.18"
  resolved "https://registry.npmjs.org/type-is/-/type-is-1.6.18.tgz"
  dependencies:
    media-typer "0.3.0"
    mime-types "~2.1.24"

unbox-primitive@^1.0.2:
  version "1.0.2"
  resolved "https://registry.npmjs.org/unbox-primitive/-/unbox-primitive-1.0.2.tgz"
  dependencies:
    call-bind "^1.0.2"
    has-bigints "^1.0.2"
    has-symbols "^1.0.3"
    which-boxed-primitive "^1.0.2"

undefsafe@^2.0.5:
  version "2.0.5"
  resolved "https://registry.npmjs.org/undefsafe/-/undefsafe-2.0.5.tgz"

unpipe@~1.0.0:
  version "1.0.0"
  resolved "https://registry.npmjs.org/unpipe/-/unpipe-1.0.0.tgz"

util@^0.12.5:
  version "0.12.5"
  resolved "https://registry.yarnpkg.com/util/-/util-0.12.5.tgz#5f17a6059b73db61a875668781a1c2b136bd6fbc"
  dependencies:
    inherits "^2.0.3"
    is-arguments "^1.0.4"
    is-generator-function "^1.0.7"
    is-typed-array "^1.1.3"
    which-typed-array "^1.1.2"

utils-merge@1.0.1:
  version "1.0.1"
  resolved "https://registry.npmjs.org/utils-merge/-/utils-merge-1.0.1.tgz"

vary@^1, vary@~1.1.2:
  version "1.1.2"
  resolved "https://registry.npmjs.org/vary/-/vary-1.1.2.tgz"

web3-core@^4.4.0, web3-core@^4.5.0, web3-core@^4.5.1, web3-core@^4.6.0, web3-core@^4.7.0:
  version "4.7.0"
  resolved "https://registry.yarnpkg.com/web3-core/-/web3-core-4.7.0.tgz#a109ed079e5f98a968487f4bb18c7aaf845f768a"
  dependencies:
    web3-errors "^1.3.0"
    web3-eth-accounts "^4.2.1"
    web3-eth-iban "^4.0.7"
    web3-providers-http "^4.2.0"
    web3-providers-ws "^4.0.8"
    web3-types "^1.8.1"
    web3-utils "^4.3.2"
    web3-validator "^2.0.6"
  optionalDependencies:
    web3-providers-ipc "^4.0.7"

web3-errors@^1.1.3, web3-errors@^1.2.0, web3-errors@^1.3.0:
  version "1.3.0"
  resolved "https://registry.yarnpkg.com/web3-errors/-/web3-errors-1.3.0.tgz#504e4d3218899df108856940087a8022d6688d74"
  dependencies:
    web3-types "^1.7.0"

web3-eth-abi@^4.2.3, web3-eth-abi@^4.3.0:
  version "4.3.0"
  resolved "https://registry.yarnpkg.com/web3-eth-abi/-/web3-eth-abi-4.3.0.tgz#9036541206418b9db6f1db295ad87a6f0fa0ed7d"
  dependencies:
    abitype "0.7.1"
    web3-errors "^1.3.0"
    web3-types "^1.8.1"
    web3-utils "^4.3.2"
    web3-validator "^2.0.6"

web3-eth-accounts@^4.2.1:
  version "4.2.1"
  resolved "https://registry.yarnpkg.com/web3-eth-accounts/-/web3-eth-accounts-4.2.1.tgz#db27399137e1a26f9d467b9500019a70771f5724"
  dependencies:
    "@ethereumjs/rlp" "^4.0.1"
    crc-32 "^1.2.2"
    ethereum-cryptography "^2.0.0"
    web3-errors "^1.3.0"
    web3-types "^1.7.0"
    web3-utils "^4.3.1"
    web3-validator "^2.0.6"

web3-eth-contract@^4.5.0, web3-eth-contract@^4.7.0:
  version "4.7.0"
  resolved "https://registry.yarnpkg.com/web3-eth-contract/-/web3-eth-contract-4.7.0.tgz#119a744e8a35f60fd7bc3e4f8637f0380a3d0e85"
  dependencies:
    "@ethereumjs/rlp" "^5.0.2"
    web3-core "^4.5.1"
    web3-errors "^1.3.0"
    web3-eth "^4.8.2"
    web3-eth-abi "^4.2.3"
    web3-types "^1.7.0"
    web3-utils "^4.3.1"
    web3-validator "^2.0.6"

web3-eth-ens@^4.4.0:
  version "4.4.0"
  resolved "https://registry.yarnpkg.com/web3-eth-ens/-/web3-eth-ens-4.4.0.tgz#bc0d11d755cb15ed4b82e38747c5104622d9a4b9"
  dependencies:
    "@adraffy/ens-normalize" "^1.8.8"
    web3-core "^4.5.0"
    web3-errors "^1.2.0"
    web3-eth "^4.8.0"
    web3-eth-contract "^4.5.0"
    web3-net "^4.1.0"
    web3-types "^1.7.0"
    web3-utils "^4.3.0"
    web3-validator "^2.0.6"

web3-eth-iban@^4.0.7:
  version "4.0.7"
  resolved "https://registry.yarnpkg.com/web3-eth-iban/-/web3-eth-iban-4.0.7.tgz#ee504f845d7b6315f0be78fcf070ccd5d38e4aaf"
  dependencies:
    web3-errors "^1.1.3"
    web3-types "^1.3.0"
    web3-utils "^4.0.7"
    web3-validator "^2.0.3"

web3-eth-personal@^4.1.0:
  version "4.1.0"
  resolved "https://registry.yarnpkg.com/web3-eth-personal/-/web3-eth-personal-4.1.0.tgz#f5b506a4570bf1241d1db2de12cb413ea0bb4486"
  dependencies:
    web3-core "^4.6.0"
    web3-eth "^4.9.0"
    web3-rpc-methods "^1.3.0"
    web3-types "^1.8.0"
    web3-utils "^4.3.1"
    web3-validator "^2.0.6"

web3-eth@^4.10.0, web3-eth@^4.8.0, web3-eth@^4.8.2, web3-eth@^4.9.0:
  version "4.10.0"
  resolved "https://registry.yarnpkg.com/web3-eth/-/web3-eth-4.10.0.tgz#a62017908e543fe1bae398e2384bd29d1ebbbacd"
  dependencies:
    setimmediate "^1.0.5"
    web3-core "^4.7.0"
    web3-errors "^1.3.0"
    web3-eth-abi "^4.3.0"
    web3-eth-accounts "^4.2.1"
    web3-net "^4.1.0"
    web3-providers-ws "^4.0.8"
    web3-rpc-methods "^1.3.0"
    web3-types "^1.8.1"
    web3-utils "^4.3.2"
    web3-validator "^2.0.6"

web3-net@^4.1.0:
  version "4.1.0"
  resolved "https://registry.yarnpkg.com/web3-net/-/web3-net-4.1.0.tgz#db7bde675e58b153339e4f149f29ec0410d6bab2"
  dependencies:
    web3-core "^4.4.0"
    web3-rpc-methods "^1.3.0"
    web3-types "^1.6.0"
    web3-utils "^4.3.0"

web3-providers-http@^4.2.0:
  version "4.2.0"
  resolved "https://registry.yarnpkg.com/web3-providers-http/-/web3-providers-http-4.2.0.tgz#0f4bf424681a068d49994aa7fabc69bed45ac50b"
  dependencies:
    cross-fetch "^4.0.0"
    web3-errors "^1.3.0"
    web3-types "^1.7.0"
    web3-utils "^4.3.1"

web3-providers-ipc@^4.0.7:
  version "4.0.7"
  resolved "https://registry.yarnpkg.com/web3-providers-ipc/-/web3-providers-ipc-4.0.7.tgz#9ec4c8565053af005a5170ba80cddeb40ff3e3d3"
  dependencies:
    web3-errors "^1.1.3"
    web3-types "^1.3.0"
    web3-utils "^4.0.7"

web3-providers-ws@^4.0.8:
  version "4.0.8"
  resolved "https://registry.yarnpkg.com/web3-providers-ws/-/web3-providers-ws-4.0.8.tgz#6de7b262f7ec6df1a2dff466ba91d7ebdac2c45e"
  dependencies:
    "@types/ws" "8.5.3"
    isomorphic-ws "^5.0.0"
    web3-errors "^1.2.0"
    web3-types "^1.7.0"
    web3-utils "^4.3.1"
    ws "^8.17.1"

web3-rpc-methods@^1.3.0:
  version "1.3.0"
  resolved "https://registry.yarnpkg.com/web3-rpc-methods/-/web3-rpc-methods-1.3.0.tgz#d5ee299a69389d63822d354ddee2c6a121a6f670"
  dependencies:
    web3-core "^4.4.0"
    web3-types "^1.6.0"
    web3-validator "^2.0.6"

web3-rpc-providers@^1.0.0-rc.2:
  version "1.0.0-rc.2"
  resolved "https://registry.yarnpkg.com/web3-rpc-providers/-/web3-rpc-providers-1.0.0-rc.2.tgz#2f3bf62415708ce09ffd5c77d197046e7d5fefb1"
  dependencies:
    web3-errors "^1.3.0"
    web3-providers-http "^4.2.0"
    web3-providers-ws "^4.0.8"
    web3-types "^1.7.0"
    web3-utils "^4.3.1"
    web3-validator "^2.0.6"

web3-types@^1.3.0, web3-types@^1.6.0, web3-types@^1.7.0, web3-types@^1.8.0, web3-types@^1.8.1:
  version "1.8.1"
  resolved "https://registry.yarnpkg.com/web3-types/-/web3-types-1.8.1.tgz#6379aca0f99330eb0f8f6ca80a3de93129b58339"

web3-utils@^4.0.7, web3-utils@^4.3.0, web3-utils@^4.3.1, web3-utils@^4.3.2:
  version "4.3.2"
  resolved "https://registry.yarnpkg.com/web3-utils/-/web3-utils-4.3.2.tgz#a952428d677b635fd0c16044ae4c534807a39639"
  dependencies:
    ethereum-cryptography "^2.0.0"
    eventemitter3 "^5.0.1"
    web3-errors "^1.3.0"
    web3-types "^1.8.1"
    web3-validator "^2.0.6"

web3-validator@^2.0.3, web3-validator@^2.0.6:
  version "2.0.6"
  resolved "https://registry.yarnpkg.com/web3-validator/-/web3-validator-2.0.6.tgz#a0cdaa39e1d1708ece5fae155b034e29d6a19248"
  dependencies:
    ethereum-cryptography "^2.0.0"
    util "^0.12.5"
    web3-errors "^1.2.0"
    web3-types "^1.6.0"
    zod "^3.21.4"

web3@^4.14.0:
  version "4.14.0"
  resolved "https://registry.yarnpkg.com/web3/-/web3-4.14.0.tgz#9d69e3a8a64da9377fbec416dfe4d260ddfa2711"
  dependencies:
    web3-core "^4.7.0"
    web3-errors "^1.3.0"
    web3-eth "^4.10.0"
    web3-eth-abi "^4.3.0"
    web3-eth-accounts "^4.2.1"
    web3-eth-contract "^4.7.0"
    web3-eth-ens "^4.4.0"
    web3-eth-iban "^4.0.7"
    web3-eth-personal "^4.1.0"
    web3-net "^4.1.0"
    web3-providers-http "^4.2.0"
    web3-providers-ws "^4.0.8"
    web3-rpc-methods "^1.3.0"
    web3-rpc-providers "^1.0.0-rc.2"
    web3-types "^1.8.1"
    web3-utils "^4.3.2"
    web3-validator "^2.0.6"

webidl-conversions@^3.0.0:
  version "3.0.1"
  resolved "https://registry.npmjs.org/webidl-conversions/-/webidl-conversions-3.0.1.tgz"

whatwg-url@^5.0.0:
  version "5.0.0"
  resolved "https://registry.npmjs.org/whatwg-url/-/whatwg-url-5.0.0.tgz"
  dependencies:
    tr46 "~0.0.3"
    webidl-conversions "^3.0.0"

which-boxed-primitive@^1.0.2:
  version "1.0.2"
  resolved "https://registry.npmjs.org/which-boxed-primitive/-/which-boxed-primitive-1.0.2.tgz"
  dependencies:
    is-bigint "^1.0.1"
    is-boolean-object "^1.1.0"
    is-number-object "^1.0.4"
    is-string "^1.0.5"
    is-symbol "^1.0.3"

which-typed-array@^1.1.2:
  version "1.1.8"
  resolved "https://registry.npmjs.org/which-typed-array/-/which-typed-array-1.1.8.tgz"
  dependencies:
    available-typed-arrays "^1.0.5"
    call-bind "^1.0.2"
    es-abstract "^1.20.0"
    for-each "^0.3.3"
    has-tostringtag "^1.0.0"
    is-typed-array "^1.1.9"

ws@^6.2.3:
  version "6.2.3"
  resolved "https://registry.yarnpkg.com/ws/-/ws-6.2.3.tgz#ccc96e4add5fd6fedbc491903075c85c5a11d9ee"
  dependencies:
    async-limiter "~1.0.0"

ws@^8.17.1:
  version "8.18.0"
  resolved "https://registry.yarnpkg.com/ws/-/ws-8.18.0.tgz#0d7505a6eafe2b0e712d232b42279f53bc289bbc"

zod@^3.21.4:
  version "3.23.8"
  resolved "https://registry.yarnpkg.com/zod/-/zod-3.23.8.tgz#e37b957b5d52079769fb8097099b592f0ef4067d"
